// !$*UTF8*$!
{
	archiveVersion = 1;
	classes = {
	};
	objectVersion = 46;
	objects = {

/* Begin PBXBuildFile section */
		6299131115CB4672001E288C /* UIKit.framework in Frameworks */ = {isa = PBXBuildFile; fileRef = 6299131015CB4672001E288C /* UIKit.framework */; };
		6299131315CB4672001E288C /* Foundation.framework in Frameworks */ = {isa = PBXBuildFile; fileRef = 6299131215CB4672001E288C /* Foundation.framework */; };
		6299131515CB4672001E288C /* CoreGraphics.framework in Frameworks */ = {isa = PBXBuildFile; fileRef = 6299131415CB4672001E288C /* CoreGraphics.framework */; };
		6299131B15CB4672001E288C /* InfoPlist.strings in Resources */ = {isa = PBXBuildFile; fileRef = 6299131915CB4672001E288C /* InfoPlist.strings */; };
		6299131D15CB4672001E288C /* main.m in Sources */ = {isa = PBXBuildFile; fileRef = 6299131C15CB4672001E288C /* main.m */; };
		6299132115CB4672001E288C /* AppDelegate.m in Sources */ = {isa = PBXBuildFile; fileRef = 6299132015CB4672001E288C /* AppDelegate.m */; };
		6299132415CB4672001E288C /* ViewController.m in Sources */ = {isa = PBXBuildFile; fileRef = 6299132315CB4672001E288C /* ViewController.m */; };
		6299132715CB4672001E288C /* ViewController.xib in Resources */ = {isa = PBXBuildFile; fileRef = 6299132515CB4672001E288C /* ViewController.xib */; };
		6299132F15CB46A1001E288C /* appleBase.m in Sources */ = {isa = PBXBuildFile; fileRef = 6299132E15CB46A1001E288C /* appleBase.m */; };
		6299133215CB46E8001E288C /* appleIphone.m in Sources */ = {isa = PBXBuildFile; fileRef = 6299133115CB46E8001E288C /* appleIphone.m */; };
		6299133515CB470B001E288C /* appleIpod.m in Sources */ = {isa = PBXBuildFile; fileRef = 6299133415CB470B001E288C /* appleIpod.m */; };
		6299133815CB4720001E288C /* appleTV.m in Sources */ = {isa = PBXBuildFile; fileRef = 6299133715CB4720001E288C /* appleTV.m */; };
		6299133B15CB4789001E288C /* appleFactory.m in Sources */ = {isa = PBXBuildFile; fileRef = 6299133A15CB4788001E288C /* appleFactory.m */; };
/* End PBXBuildFile section */

/* Begin PBXFileReference section */
		6299130C15CB4672001E288C /* objc2Project1.app */ = {isa = PBXFileReference; explicitFileType = wrapper.application; includeInIndex = 0; path = objc2Project1.app; sourceTree = BUILT_PRODUCTS_DIR; };
		6299131015CB4672001E288C /* UIKit.framework */ = {isa = PBXFileReference; lastKnownFileType = wrapper.framework; name = UIKit.framework; path = System/Library/Frameworks/UIKit.framework; sourceTree = SDKROOT; };
		6299131215CB4672001E288C /* Foundation.framework */ = {isa = PBXFileReference; lastKnownFileType = wrapper.framework; name = Foundation.framework; path = System/Library/Frameworks/Foundation.framework; sourceTree = SDKROOT; };
		6299131415CB4672001E288C /* CoreGraphics.framework */ = {isa = PBXFileReference; lastKnownFileType = wrapper.framework; name = CoreGraphics.framework; path = System/Library/Frameworks/CoreGraphics.framework; sourceTree = SDKROOT; };
		6299131815CB4672001E288C /* objc2Project1-Info.plist */ = {isa = PBXFileReference; lastKnownFileType = text.plist.xml; path = "objc2Project1-Info.plist"; sourceTree = "<group>"; };
		6299131A15CB4672001E288C /* en */ = {isa = PBXFileReference; lastKnownFileType = text.plist.strings; name = en; path = en.lproj/InfoPlist.strings; sourceTree = "<group>"; };
		6299131C15CB4672001E288C /* main.m */ = {isa = PBXFileReference; lastKnownFileType = sourcecode.c.objc; path = main.m; sourceTree = "<group>"; };
		6299131E15CB4672001E288C /* objc2Project1-Prefix.pch */ = {isa = PBXFileReference; lastKnownFileType = sourcecode.c.h; path = "objc2Project1-Prefix.pch"; sourceTree = "<group>"; };
		6299131F15CB4672001E288C /* AppDelegate.h */ = {isa = PBXFileReference; lastKnownFileType = sourcecode.c.h; path = AppDelegate.h; sourceTree = "<group>"; };
		6299132015CB4672001E288C /* AppDelegate.m */ = {isa = PBXFileReference; lastKnownFileType = sourcecode.c.objc; path = AppDelegate.m; sourceTree = "<group>"; };
		6299132215CB4672001E288C /* ViewController.h */ = {isa = PBXFileReference; lastKnownFileType = sourcecode.c.h; path = ViewController.h; sourceTree = "<group>"; };
		6299132315CB4672001E288C /* ViewController.m */ = {isa = PBXFileReference; lastKnownFileType = sourcecode.c.objc; path = ViewController.m; sourceTree = "<group>"; };
		6299132615CB4672001E288C /* en */ = {isa = PBXFileReference; lastKnownFileType = file.xib; name = en; path = en.lproj/ViewController.xib; sourceTree = "<group>"; };
		6299132D15CB46A1001E288C /* appleBase.h */ = {isa = PBXFileReference; fileEncoding = 4; lastKnownFileType = sourcecode.c.h; path = appleBase.h; sourceTree = "<group>"; };
		6299132E15CB46A1001E288C /* appleBase.m */ = {isa = PBXFileReference; fileEncoding = 4; lastKnownFileType = sourcecode.c.objc; path = appleBase.m; sourceTree = "<group>"; };
		6299133015CB46E8001E288C /* appleIphone.h */ = {isa = PBXFileReference; fileEncoding = 4; lastKnownFileType = sourcecode.c.h; path = appleIphone.h; sourceTree = "<group>"; };
		6299133115CB46E8001E288C /* appleIphone.m */ = {isa = PBXFileReference; fileEncoding = 4; lastKnownFileType = sourcecode.c.objc; path = appleIphone.m; sourceTree = "<group>"; };
		6299133315CB470B001E288C /* appleIpod.h */ = {isa = PBXFileReference; fileEncoding = 4; lastKnownFileType = sourcecode.c.h; path = appleIpod.h; sourceTree = "<group>"; };
		6299133415CB470B001E288C /* appleIpod.m */ = {isa = PBXFileReference; fileEncoding = 4; lastKnownFileType = sourcecode.c.objc; path = appleIpod.m; sourceTree = "<group>"; };
		6299133615CB4720001E288C /* appleTV.h */ = {isa = PBXFileReference; fileEncoding = 4; lastKnownFileType = sourcecode.c.h; path = appleTV.h; sourceTree = "<group>"; };
		6299133715CB4720001E288C /* appleTV.m */ = {isa = PBXFileReference; fileEncoding = 4; lastKnownFileType = sourcecode.c.objc; path = appleTV.m; sourceTree = "<group>"; };
		6299133915CB4788001E288C /* appleFactory.h */ = {isa = PBXFileReference; fileEncoding = 4; lastKnownFileType = sourcecode.c.h; path = appleFactory.h; sourceTree = "<group>"; };
		6299133A15CB4788001E288C /* appleFactory.m */ = {isa = PBXFileReference; fileEncoding = 4; lastKnownFileType = sourcecode.c.objc; path = appleFactory.m; sourceTree = "<group>"; };
/* End PBXFileReference section */

/* Begin PBXFrameworksBuildPhase section */
		6299130915CB4672001E288C /* Frameworks */ = {
			isa = PBXFrameworksBuildPhase;
			buildActionMask = 2147483647;
			files = (
				6299131115CB4672001E288C /* UIKit.framework in Frameworks */,
				6299131315CB4672001E288C /* Foundation.framework in Frameworks */,
				6299131515CB4672001E288C /* CoreGraphics.framework in Frameworks */,
			);
			runOnlyForDeploymentPostprocessing = 0;
		};
/* End PBXFrameworksBuildPhase section */

/* Begin PBXGroup section */
		6299130115CB4672001E288C = {
			isa = PBXGroup;
			children = (
				6299131615CB4672001E288C /* objc2Project1 */,
				6299130F15CB4672001E288C /* Frameworks */,
				6299130D15CB4672001E288C /* Products */,
			);
			sourceTree = "<group>";
		};
		6299130D15CB4672001E288C /* Products */ = {
			isa = PBXGroup;
			children = (
				6299130C15CB4672001E288C /* objc2Project1.app */,
			);
			name = Products;
			sourceTree = "<group>";
		};
		6299130F15CB4672001E288C /* Frameworks */ = {
			isa = PBXGroup;
			children = (
				6299131015CB4672001E288C /* UIKit.framework */,
				6299131215CB4672001E288C /* Foundation.framework */,
				6299131415CB4672001E288C /* CoreGraphics.framework */,
			);
			name = Frameworks;
			sourceTree = "<group>";
		};
		6299131615CB4672001E288C /* objc2Project1 */ = {
			isa = PBXGroup;
			children = (
				6299131F15CB4672001E288C /* AppDelegate.h */,
				6299132015CB4672001E288C /* AppDelegate.m */,
				6299132215CB4672001E288C /* ViewController.h */,
				6299132315CB4672001E288C /* ViewController.m */,
				6299132515CB4672001E288C /* ViewController.xib */,
				6299131715CB4672001E288C /* Supporting Files */,
			);
			path = objc2Project1;
			sourceTree = "<group>";
		};
		6299131715CB4672001E288C /* Supporting Files */ = {
			isa = PBXGroup;
			children = (
				6299132D15CB46A1001E288C /* appleBase.h */,
				6299132E15CB46A1001E288C /* appleBase.m */,
				6299131815CB4672001E288C /* objc2Project1-Info.plist */,
				6299131915CB4672001E288C /* InfoPlist.strings */,
				6299131C15CB4672001E288C /* main.m */,
				6299131E15CB4672001E288C /* objc2Project1-Prefix.pch */,
				6299133015CB46E8001E288C /* appleIphone.h */,
				6299133115CB46E8001E288C /* appleIphone.m */,
				6299133615CB4720001E288C /* appleTV.h */,
				6299133715CB4720001E288C /* appleTV.m */,
				6299133315CB470B001E288C /* appleIpod.h */,
				6299133415CB470B001E288C /* appleIpod.m */,
				6299133915CB4788001E288C /* appleFactory.h */,
				6299133A15CB4788001E288C /* appleFactory.m */,
			);
			name = "Supporting Files";
			sourceTree = "<group>";
		};
/* End PBXGroup section */

/* Begin PBXNativeTarget section */
		6299130B15CB4672001E288C /* objc2Project1 */ = {
			isa = PBXNativeTarget;
			buildConfigurationList = 6299132A15CB4672001E288C /* Build configuration list for PBXNativeTarget "objc2Project1" */;
			buildPhases = (
				6299130815CB4672001E288C /* Sources */,
				6299130915CB4672001E288C /* Frameworks */,
				6299130A15CB4672001E288C /* Resources */,
			);
			buildRules = (
			);
			dependencies = (
			);
			name = objc2Project1;
			productName = objc2Project1;
			productReference = 6299130C15CB4672001E288C /* objc2Project1.app */;
			productType = "com.apple.product-type.application";
		};
/* End PBXNativeTarget section */

/* Begin PBXProject section */
		6299130315CB4672001E288C /* Project object */ = {
			isa = PBXProject;
			attributes = {
				LastUpgradeCheck = 0430;
				ORGANIZATIONNAME = markthompson;
			};
			buildConfigurationList = 6299130615CB4672001E288C /* Build configuration list for PBXProject "objc2Project1" */;
			compatibilityVersion = "Xcode 3.2";
			developmentRegion = English;
			hasScannedForEncodings = 0;
			knownRegions = (
				en,
			);
			mainGroup = 6299130115CB4672001E288C;
			productRefGroup = 6299130D15CB4672001E288C /* Products */;
			projectDirPath = "";
			projectRoot = "";
			targets = (
				6299130B15CB4672001E288C /* objc2Project1 */,
			);
		};
/* End PBXProject section */

/* Begin PBXResourcesBuildPhase section */
		6299130A15CB4672001E288C /* Resources */ = {
			isa = PBXResourcesBuildPhase;
			buildActionMask = 2147483647;
			files = (
				6299131B15CB4672001E288C /* InfoPlist.strings in Resources */,
				6299132715CB4672001E288C /* ViewController.xib in Resources */,
			);
			runOnlyForDeploymentPostprocessing = 0;
		};
/* End PBXResourcesBuildPhase section */

/* Begin PBXSourcesBuildPhase section */
		6299130815CB4672001E288C /* Sources */ = {
			isa = PBXSourcesBuildPhase;
			buildActionMask = 2147483647;
			files = (
				6299131D15CB4672001E288C /* main.m in Sources */,
				6299132115CB4672001E288C /* AppDelegate.m in Sources */,
				6299132415CB4672001E288C /* ViewController.m in Sources */,
				6299132F15CB46A1001E288C /* appleBase.m in Sources */,
				6299133215CB46E8001E288C /* appleIphone.m in Sources */,
				6299133515CB470B001E288C /* appleIpod.m in Sources */,
				6299133815CB4720001E288C /* appleTV.m in Sources */,
				6299133B15CB4789001E288C /* appleFactory.m in Sources */,
			);
			runOnlyForDeploymentPostprocessing = 0;
		};
/* End PBXSourcesBuildPhase section */

/* Begin PBXVariantGroup section */
		6299131915CB4672001E288C /* InfoPlist.strings */ = {
			isa = PBXVariantGroup;
			children = (
				6299131A15CB4672001E288C /* en */,
			);
			name = InfoPlist.strings;
			sourceTree = "<group>";
		};
		6299132515CB4672001E288C /* ViewController.xib */ = {
			isa = PBXVariantGroup;
			children = (
				6299132615CB4672001E288C /* en */,
			);
			name = ViewController.xib;
			sourceTree = "<group>";
		};
/* End PBXVariantGroup section */

/* Begin XCBuildConfiguration section */
		6299132815CB4672001E288C /* Debug */ = {
			isa = XCBuildConfiguration;
			buildSettings = {
				ALWAYS_SEARCH_USER_PATHS = NO;
				ARCHS = "$(ARCHS_STANDARD_32_BIT)";
				"CODE_SIGN_IDENTITY[sdk=iphoneos*]" = "iPhone Developer";
				COPY_PHASE_STRIP = NO;
				GCC_C_LANGUAGE_STANDARD = gnu99;
				GCC_DYNAMIC_NO_PIC = NO;
				GCC_OPTIMIZATION_LEVEL = 0;
				GCC_PREPROCESSOR_DEFINITIONS = (
					"DEBUG=1",
					"$(inherited)",
				);
				GCC_SYMBOLS_PRIVATE_EXTERN = NO;
				GCC_VERSION = com.apple.compilers.llvm.clang.1_0;
				GCC_WARN_ABOUT_RETURN_TYPE = YES;
				GCC_WARN_UNINITIALIZED_AUTOS = YES;
				GCC_WARN_UNUSED_VARIABLE = YES;
				IPHONEOS_DEPLOYMENT_TARGET = 5.1;
				SDKROOT = iphoneos;
			};
			name = Debug;
		};
		6299132915CB4672001E288C /* Release */ = {
			isa = XCBuildConfiguration;
			buildSettings = {
				ALWAYS_SEARCH_USER_PATHS = NO;
				ARCHS = "$(ARCHS_STANDARD_32_BIT)";
				"CODE_SIGN_IDENTITY[sdk=iphoneos*]" = "iPhone Developer";
				COPY_PHASE_STRIP = YES;
				GCC_C_LANGUAGE_STANDARD = gnu99;
				GCC_VERSION = com.apple.compilers.llvm.clang.1_0;
				GCC_WARN_ABOUT_RETURN_TYPE = YES;
				GCC_WARN_UNINITIALIZED_AUTOS = YES;
				GCC_WARN_UNUSED_VARIABLE = YES;
				IPHONEOS_DEPLOYMENT_TARGET = 5.1;
				OTHER_CFLAGS = "-DNS_BLOCK_ASSERTIONS=1";
				SDKROOT = iphoneos;
				VALIDATE_PRODUCT = YES;
			};
			name = Release;
		};
		6299132B15CB4672001E288C /* Debug */ = {
			isa = XCBuildConfiguration;
			buildSettings = {
				GCC_PRECOMPILE_PREFIX_HEADER = YES;
				GCC_PREFIX_HEADER = "objc2Project1/objc2Project1-Prefix.pch";
				INFOPLIST_FILE = "objc2Project1/objc2Project1-Info.plist";
				PRODUCT_NAME = "$(TARGET_NAME)";
				WRAPPER_EXTENSION = app;
			};
			name = Debug;
		};
		6299132C15CB4672001E288C /* Release */ = {
			isa = XCBuildConfiguration;
			buildSettings = {
				GCC_PRECOMPILE_PREFIX_HEADER = YES;
				GCC_PREFIX_HEADER = "objc2Project1/objc2Project1-Prefix.pch";
				INFOPLIST_FILE = "objc2Project1/objc2Project1-Info.plist";
				PRODUCT_NAME = "$(TARGET_NAME)";
				WRAPPER_EXTENSION = app;
			};
			name = Release;
		};
/* End XCBuildConfiguration section */

/* Begin XCConfigurationList section */
		6299130615CB4672001E288C /* Build configuration list for PBXProject "objc2Project1" */ = {
			isa = XCConfigurationList;
			buildConfigurations = (
				6299132815CB4672001E288C /* Debug */,
				6299132915CB4672001E288C /* Release */,
			);
			defaultConfigurationIsVisible = 0;
			defaultConfigurationName = Release;
		};
		6299132A15CB4672001E288C /* Build configuration list for PBXNativeTarget "objc2Project1" */ = {
			isa = XCConfigurationList;
			buildConfigurations = (
				6299132B15CB4672001E288C /* Debug */,
				6299132C15CB4672001E288C /* Release */,
			);
			defaultConfigurationIsVisible = 0;
			defaultConfigurationName = Release;
		};
/* End XCConfigurationList section */
	};
	rootObject = 6299130315CB4672001E288C /* Project object */;
}
