// !$*UTF8*$!
{
	archiveVersion = 1;
	classes = {
	};
	objectVersion = 46;
	objects = {

/* Begin PBXBuildFile section */
		623A592A159A77F600C88BBE /* UIKit.framework in Frameworks */ = {isa = PBXBuildFile; fileRef = 623A5929159A77F600C88BBE /* UIKit.framework */; };
		623A592C159A77F600C88BBE /* Foundation.framework in Frameworks */ = {isa = PBXBuildFile; fileRef = 623A592B159A77F600C88BBE /* Foundation.framework */; };
		623A592E159A77F600C88BBE /* CoreGraphics.framework in Frameworks */ = {isa = PBXBuildFile; fileRef = 623A592D159A77F600C88BBE /* CoreGraphics.framework */; };
		623A5934159A77F600C88BBE /* InfoPlist.strings in Resources */ = {isa = PBXBuildFile; fileRef = 623A5932159A77F600C88BBE /* InfoPlist.strings */; };
		623A5936159A77F600C88BBE /* main.m in Sources */ = {isa = PBXBuildFile; fileRef = 623A5935159A77F600C88BBE /* main.m */; };
		623A593A159A77F600C88BBE /* AppDelegate.m in Sources */ = {isa = PBXBuildFile; fileRef = 623A5939159A77F600C88BBE /* AppDelegate.m */; };
/* End PBXBuildFile section */

/* Begin PBXFileReference section */
		623A5925159A77F600C88BBE /* appTest.app */ = {isa = PBXFileReference; explicitFileType = wrapper.application; includeInIndex = 0; path = appTest.app; sourceTree = BUILT_PRODUCTS_DIR; };
		623A5929159A77F600C88BBE /* UIKit.framework */ = {isa = PBXFileReference; lastKnownFileType = wrapper.framework; name = UIKit.framework; path = System/Library/Frameworks/UIKit.framework; sourceTree = SDKROOT; };
		623A592B159A77F600C88BBE /* Foundation.framework */ = {isa = PBXFileReference; lastKnownFileType = wrapper.framework; name = Foundation.framework; path = System/Library/Frameworks/Foundation.framework; sourceTree = SDKROOT; };
		623A592D159A77F600C88BBE /* CoreGraphics.framework */ = {isa = PBXFileReference; lastKnownFileType = wrapper.framework; name = CoreGraphics.framework; path = System/Library/Frameworks/CoreGraphics.framework; sourceTree = SDKROOT; };
		623A5931159A77F600C88BBE /* appTest-Info.plist */ = {isa = PBXFileReference; lastKnownFileType = text.plist.xml; path = "appTest-Info.plist"; sourceTree = "<group>"; };
		623A5933159A77F600C88BBE /* en */ = {isa = PBXFileReference; lastKnownFileType = text.plist.strings; name = en; path = en.lproj/InfoPlist.strings; sourceTree = "<group>"; };
		623A5935159A77F600C88BBE /* main.m */ = {isa = PBXFileReference; lastKnownFileType = sourcecode.c.objc; path = main.m; sourceTree = "<group>"; };
		623A5937159A77F600C88BBE /* appTest-Prefix.pch */ = {isa = PBXFileReference; lastKnownFileType = sourcecode.c.h; path = "appTest-Prefix.pch"; sourceTree = "<group>"; };
		623A5938159A77F600C88BBE /* AppDelegate.h */ = {isa = PBXFileReference; lastKnownFileType = sourcecode.c.h; path = AppDelegate.h; sourceTree = "<group>"; };
		623A5939159A77F600C88BBE /* AppDelegate.m */ = {isa = PBXFileReference; lastKnownFileType = sourcecode.c.objc; path = AppDelegate.m; sourceTree = "<group>"; };
/* End PBXFileReference section */

/* Begin PBXFrameworksBuildPhase section */
		623A5922159A77F600C88BBE /* Frameworks */ = {
			isa = PBXFrameworksBuildPhase;
			buildActionMask = 2147483647;
			files = (
				623A592A159A77F600C88BBE /* UIKit.framework in Frameworks */,
				623A592C159A77F600C88BBE /* Foundation.framework in Frameworks */,
				623A592E159A77F600C88BBE /* CoreGraphics.framework in Frameworks */,
			);
			runOnlyForDeploymentPostprocessing = 0;
		};
/* End PBXFrameworksBuildPhase section */

/* Begin PBXGroup section */
		623A591A159A77F500C88BBE = {
			isa = PBXGroup;
			children = (
				623A592F159A77F600C88BBE /* appTest */,
				623A5928159A77F600C88BBE /* Frameworks */,
				623A5926159A77F600C88BBE /* Products */,
			);
			sourceTree = "<group>";
		};
		623A5926159A77F600C88BBE /* Products */ = {
			isa = PBXGroup;
			children = (
				623A5925159A77F600C88BBE /* appTest.app */,
			);
			name = Products;
			sourceTree = "<group>";
		};
		623A5928159A77F600C88BBE /* Frameworks */ = {
			isa = PBXGroup;
			children = (
				623A5929159A77F600C88BBE /* UIKit.framework */,
				623A592B159A77F600C88BBE /* Foundation.framework */,
				623A592D159A77F600C88BBE /* CoreGraphics.framework */,
			);
			name = Frameworks;
			sourceTree = "<group>";
		};
		623A592F159A77F600C88BBE /* appTest */ = {
			isa = PBXGroup;
			children = (
				623A5938159A77F600C88BBE /* AppDelegate.h */,
				623A5939159A77F600C88BBE /* AppDelegate.m */,
				623A5930159A77F600C88BBE /* Supporting Files */,
			);
			path = appTest;
			sourceTree = "<group>";
		};
		623A5930159A77F600C88BBE /* Supporting Files */ = {
			isa = PBXGroup;
			children = (
				623A5931159A77F600C88BBE /* appTest-Info.plist */,
				623A5932159A77F600C88BBE /* InfoPlist.strings */,
				623A5935159A77F600C88BBE /* main.m */,
				623A5937159A77F600C88BBE /* appTest-Prefix.pch */,
			);
			name = "Supporting Files";
			sourceTree = "<group>";
		};
/* End PBXGroup section */

/* Begin PBXNativeTarget section */
		623A5924159A77F600C88BBE /* appTest */ = {
			isa = PBXNativeTarget;
			buildConfigurationList = 623A593D159A77F600C88BBE /* Build configuration list for PBXNativeTarget "appTest" */;
			buildPhases = (
				623A5921159A77F600C88BBE /* Sources */,
				623A5922159A77F600C88BBE /* Frameworks */,
				623A5923159A77F600C88BBE /* Resources */,
			);
			buildRules = (
			);
			dependencies = (
			);
			name = appTest;
			productName = appTest;
			productReference = 623A5925159A77F600C88BBE /* appTest.app */;
			productType = "com.apple.product-type.application";
		};
/* End PBXNativeTarget section */

/* Begin PBXProject section */
		623A591C159A77F500C88BBE /* Project object */ = {
			isa = PBXProject;
			attributes = {
				LastUpgradeCheck = 0430;
				ORGANIZATIONNAME = markthompson;
			};
			buildConfigurationList = 623A591F159A77F500C88BBE /* Build configuration list for PBXProject "appTest" */;
			compatibilityVersion = "Xcode 3.2";
			developmentRegion = English;
			hasScannedForEncodings = 0;
			knownRegions = (
				en,
			);
			mainGroup = 623A591A159A77F500C88BBE;
			productRefGroup = 623A5926159A77F600C88BBE /* Products */;
			projectDirPath = "";
			projectRoot = "";
			targets = (
				623A5924159A77F600C88BBE /* appTest */,
			);
		};
/* End PBXProject section */

/* Begin PBXResourcesBuildPhase section */
		623A5923159A77F600C88BBE /* Resources */ = {
			isa = PBXResourcesBuildPhase;
			buildActionMask = 2147483647;
			files = (
				623A5934159A77F600C88BBE /* InfoPlist.strings in Resources */,
			);
			runOnlyForDeploymentPostprocessing = 0;
		};
/* End PBXResourcesBuildPhase section */

/* Begin PBXSourcesBuildPhase section */
		623A5921159A77F600C88BBE /* Sources */ = {
			isa = PBXSourcesBuildPhase;
			buildActionMask = 2147483647;
			files = (
				623A5936159A77F600C88BBE /* main.m in Sources */,
				623A593A159A77F600C88BBE /* AppDelegate.m in Sources */,
			);
			runOnlyForDeploymentPostprocessing = 0;
		};
/* End PBXSourcesBuildPhase section */

/* Begin PBXVariantGroup section */
		623A5932159A77F600C88BBE /* InfoPlist.strings */ = {
			isa = PBXVariantGroup;
			children = (
				623A5933159A77F600C88BBE /* en */,
			);
			name = InfoPlist.strings;
			sourceTree = "<group>";
		};
/* End PBXVariantGroup section */

/* Begin XCBuildConfiguration section */
		623A593B159A77F600C88BBE /* Debug */ = {
			isa = XCBuildConfiguration;
			buildSettings = {
				ALWAYS_SEARCH_USER_PATHS = NO;
				ARCHS = "$(ARCHS_STANDARD_32_BIT)";
				"CODE_SIGN_IDENTITY[sdk=iphoneos*]" = "iPhone Developer";
				COPY_PHASE_STRIP = NO;
				GCC_C_LANGUAGE_STANDARD = gnu99;
				GCC_DYNAMIC_NO_PIC = NO;
				GCC_OPTIMIZATION_LEVEL = 0;
				GCC_PREPROCESSOR_DEFINITIONS = (
					"DEBUG=1",
					"$(inherited)",
				);
				GCC_SYMBOLS_PRIVATE_EXTERN = NO;
				GCC_VERSION = com.apple.compilers.llvm.clang.1_0;
				GCC_WARN_ABOUT_RETURN_TYPE = YES;
				GCC_WARN_UNINITIALIZED_AUTOS = YES;
				GCC_WARN_UNUSED_VARIABLE = YES;
				IPHONEOS_DEPLOYMENT_TARGET = 5.1;
				SDKROOT = iphoneos;
				TARGETED_DEVICE_FAMILY = "1,2";
			};
			name = Debug;
		};
		623A593C159A77F600C88BBE /* Release */ = {
			isa = XCBuildConfiguration;
			buildSettings = {
				ALWAYS_SEARCH_USER_PATHS = NO;
				ARCHS = "$(ARCHS_STANDARD_32_BIT)";
				"CODE_SIGN_IDENTITY[sdk=iphoneos*]" = "iPhone Developer";
				COPY_PHASE_STRIP = YES;
				GCC_C_LANGUAGE_STANDARD = gnu99;
				GCC_VERSION = com.apple.compilers.llvm.clang.1_0;
				GCC_WARN_ABOUT_RETURN_TYPE = YES;
				GCC_WARN_UNINITIALIZED_AUTOS = YES;
				GCC_WARN_UNUSED_VARIABLE = YES;
				IPHONEOS_DEPLOYMENT_TARGET = 5.1;
				OTHER_CFLAGS = "-DNS_BLOCK_ASSERTIONS=1";
				SDKROOT = iphoneos;
				TARGETED_DEVICE_FAMILY = "1,2";
				VALIDATE_PRODUCT = YES;
			};
			name = Release;
		};
		623A593E159A77F600C88BBE /* Debug */ = {
			isa = XCBuildConfiguration;
			buildSettings = {
				GCC_PRECOMPILE_PREFIX_HEADER = YES;
				GCC_PREFIX_HEADER = "appTest/appTest-Prefix.pch";
				INFOPLIST_FILE = "appTest/appTest-Info.plist";
				PRODUCT_NAME = "$(TARGET_NAME)";
				WRAPPER_EXTENSION = app;
			};
			name = Debug;
		};
		623A593F159A77F600C88BBE /* Release */ = {
			isa = XCBuildConfiguration;
			buildSettings = {
				GCC_PRECOMPILE_PREFIX_HEADER = YES;
				GCC_PREFIX_HEADER = "appTest/appTest-Prefix.pch";
				INFOPLIST_FILE = "appTest/appTest-Info.plist";
				PRODUCT_NAME = "$(TARGET_NAME)";
				WRAPPER_EXTENSION = app;
			};
			name = Release;
		};
/* End XCBuildConfiguration section */

/* Begin XCConfigurationList section */
		623A591F159A77F500C88BBE /* Build configuration list for PBXProject "appTest" */ = {
			isa = XCConfigurationList;
			buildConfigurations = (
				623A593B159A77F600C88BBE /* Debug */,
				623A593C159A77F600C88BBE /* Release */,
			);
			defaultConfigurationIsVisible = 0;
			defaultConfigurationName = Release;
		};
		623A593D159A77F600C88BBE /* Build configuration list for PBXNativeTarget "appTest" */ = {
			isa = XCConfigurationList;
			buildConfigurations = (
				623A593E159A77F600C88BBE /* Debug */,
				623A593F159A77F600C88BBE /* Release */,
			);
			defaultConfigurationIsVisible = 0;
		};
/* End XCConfigurationList section */
	};
	rootObject = 623A591C159A77F500C88BBE /* Project object */;
}
