// !$*UTF8*$!
{
	archiveVersion = 1;
	classes = {
	};
	objectVersion = 46;
	objects = {

/* Begin PBXBuildFile section */
		627BCB9B163980210020FFC6 /* UIKit.framework in Frameworks */ = {isa = PBXBuildFile; fileRef = 627BCB9A163980210020FFC6 /* UIKit.framework */; };
		627BCB9D163980210020FFC6 /* Foundation.framework in Frameworks */ = {isa = PBXBuildFile; fileRef = 627BCB9C163980210020FFC6 /* Foundation.framework */; };
		627BCB9F163980210020FFC6 /* CoreGraphics.framework in Frameworks */ = {isa = PBXBuildFile; fileRef = 627BCB9E163980210020FFC6 /* CoreGraphics.framework */; };
		627BCBA5163980210020FFC6 /* InfoPlist.strings in Resources */ = {isa = PBXBuildFile; fileRef = 627BCBA3163980210020FFC6 /* InfoPlist.strings */; };
		627BCBA7163980210020FFC6 /* main.m in Sources */ = {isa = PBXBuildFile; fileRef = 627BCBA6163980210020FFC6 /* main.m */; };
		627BCBAB163980210020FFC6 /* AppDelegate.m in Sources */ = {isa = PBXBuildFile; fileRef = 627BCBAA163980210020FFC6 /* AppDelegate.m */; };
		627BCBAE163980210020FFC6 /* ViewController.m in Sources */ = {isa = PBXBuildFile; fileRef = 627BCBAD163980210020FFC6 /* ViewController.m */; };
		627BCBB1163980210020FFC6 /* ViewController.xib in Resources */ = {isa = PBXBuildFile; fileRef = 627BCBAF163980210020FFC6 /* ViewController.xib */; };
		627BCBB9163980500020FFC6 /* fishingFactory.m in Sources */ = {isa = PBXBuildFile; fileRef = 627BCBB8163980500020FFC6 /* fishingFactory.m */; };
		627BCBBC163980B80020FFC6 /* baseFishing.m in Sources */ = {isa = PBXBuildFile; fileRef = 627BCBBB163980B80020FFC6 /* baseFishing.m */; };
		627BCBBF163980FB0020FFC6 /* baitFishing.m in Sources */ = {isa = PBXBuildFile; fileRef = 627BCBBE163980FB0020FFC6 /* baitFishing.m */; };
		627BCBC2163981430020FFC6 /* lureFishing.m in Sources */ = {isa = PBXBuildFile; fileRef = 627BCBC1163981430020FFC6 /* lureFishing.m */; };
		627BCBC51639815D0020FFC6 /* jigFishing.m in Sources */ = {isa = PBXBuildFile; fileRef = 627BCBC41639815D0020FFC6 /* jigFishing.m */; };
/* End PBXBuildFile section */

/* Begin PBXFileReference section */
		627BCB96163980210020FFC6 /* project1.app */ = {isa = PBXFileReference; explicitFileType = wrapper.application; includeInIndex = 0; path = project1.app; sourceTree = BUILT_PRODUCTS_DIR; };
		627BCB9A163980210020FFC6 /* UIKit.framework */ = {isa = PBXFileReference; lastKnownFileType = wrapper.framework; name = UIKit.framework; path = System/Library/Frameworks/UIKit.framework; sourceTree = SDKROOT; };
		627BCB9C163980210020FFC6 /* Foundation.framework */ = {isa = PBXFileReference; lastKnownFileType = wrapper.framework; name = Foundation.framework; path = System/Library/Frameworks/Foundation.framework; sourceTree = SDKROOT; };
		627BCB9E163980210020FFC6 /* CoreGraphics.framework */ = {isa = PBXFileReference; lastKnownFileType = wrapper.framework; name = CoreGraphics.framework; path = System/Library/Frameworks/CoreGraphics.framework; sourceTree = SDKROOT; };
		627BCBA2163980210020FFC6 /* project1-Info.plist */ = {isa = PBXFileReference; lastKnownFileType = text.plist.xml; path = "project1-Info.plist"; sourceTree = "<group>"; };
		627BCBA4163980210020FFC6 /* en */ = {isa = PBXFileReference; lastKnownFileType = text.plist.strings; name = en; path = en.lproj/InfoPlist.strings; sourceTree = "<group>"; };
		627BCBA6163980210020FFC6 /* main.m */ = {isa = PBXFileReference; lastKnownFileType = sourcecode.c.objc; path = main.m; sourceTree = "<group>"; };
		627BCBA8163980210020FFC6 /* project1-Prefix.pch */ = {isa = PBXFileReference; lastKnownFileType = sourcecode.c.h; path = "project1-Prefix.pch"; sourceTree = "<group>"; };
		627BCBA9163980210020FFC6 /* AppDelegate.h */ = {isa = PBXFileReference; lastKnownFileType = sourcecode.c.h; path = AppDelegate.h; sourceTree = "<group>"; };
		627BCBAA163980210020FFC6 /* AppDelegate.m */ = {isa = PBXFileReference; lastKnownFileType = sourcecode.c.objc; path = AppDelegate.m; sourceTree = "<group>"; };
		627BCBAC163980210020FFC6 /* ViewController.h */ = {isa = PBXFileReference; lastKnownFileType = sourcecode.c.h; path = ViewController.h; sourceTree = "<group>"; };
		627BCBAD163980210020FFC6 /* ViewController.m */ = {isa = PBXFileReference; lastKnownFileType = sourcecode.c.objc; path = ViewController.m; sourceTree = "<group>"; };
		627BCBB0163980210020FFC6 /* en */ = {isa = PBXFileReference; lastKnownFileType = file.xib; name = en; path = en.lproj/ViewController.xib; sourceTree = "<group>"; };
		627BCBB7163980500020FFC6 /* fishingFactory.h */ = {isa = PBXFileReference; fileEncoding = 4; lastKnownFileType = sourcecode.c.h; path = fishingFactory.h; sourceTree = "<group>"; };
		627BCBB8163980500020FFC6 /* fishingFactory.m */ = {isa = PBXFileReference; fileEncoding = 4; lastKnownFileType = sourcecode.c.objc; path = fishingFactory.m; sourceTree = "<group>"; };
		627BCBBA163980B80020FFC6 /* baseFishing.h */ = {isa = PBXFileReference; fileEncoding = 4; lastKnownFileType = sourcecode.c.h; path = baseFishing.h; sourceTree = "<group>"; };
		627BCBBB163980B80020FFC6 /* baseFishing.m */ = {isa = PBXFileReference; fileEncoding = 4; lastKnownFileType = sourcecode.c.objc; path = baseFishing.m; sourceTree = "<group>"; };
		627BCBBD163980FB0020FFC6 /* baitFishing.h */ = {isa = PBXFileReference; fileEncoding = 4; lastKnownFileType = sourcecode.c.h; path = baitFishing.h; sourceTree = "<group>"; };
		627BCBBE163980FB0020FFC6 /* baitFishing.m */ = {isa = PBXFileReference; fileEncoding = 4; lastKnownFileType = sourcecode.c.objc; path = baitFishing.m; sourceTree = "<group>"; };
		627BCBC0163981430020FFC6 /* lureFishing.h */ = {isa = PBXFileReference; fileEncoding = 4; lastKnownFileType = sourcecode.c.h; path = lureFishing.h; sourceTree = "<group>"; };
		627BCBC1163981430020FFC6 /* lureFishing.m */ = {isa = PBXFileReference; fileEncoding = 4; lastKnownFileType = sourcecode.c.objc; path = lureFishing.m; sourceTree = "<group>"; };
		627BCBC31639815D0020FFC6 /* jigFishing.h */ = {isa = PBXFileReference; fileEncoding = 4; lastKnownFileType = sourcecode.c.h; path = jigFishing.h; sourceTree = "<group>"; };
		627BCBC41639815D0020FFC6 /* jigFishing.m */ = {isa = PBXFileReference; fileEncoding = 4; lastKnownFileType = sourcecode.c.objc; path = jigFishing.m; sourceTree = "<group>"; };
/* End PBXFileReference section */

/* Begin PBXFrameworksBuildPhase section */
		627BCB93163980210020FFC6 /* Frameworks */ = {
			isa = PBXFrameworksBuildPhase;
			buildActionMask = 2147483647;
			files = (
				627BCB9B163980210020FFC6 /* UIKit.framework in Frameworks */,
				627BCB9D163980210020FFC6 /* Foundation.framework in Frameworks */,
				627BCB9F163980210020FFC6 /* CoreGraphics.framework in Frameworks */,
			);
			runOnlyForDeploymentPostprocessing = 0;
		};
/* End PBXFrameworksBuildPhase section */

/* Begin PBXGroup section */
		627BCB8B163980210020FFC6 = {
			isa = PBXGroup;
			children = (
				627BCBA0163980210020FFC6 /* project1 */,
				627BCB99163980210020FFC6 /* Frameworks */,
				627BCB97163980210020FFC6 /* Products */,
			);
			sourceTree = "<group>";
		};
		627BCB97163980210020FFC6 /* Products */ = {
			isa = PBXGroup;
			children = (
				627BCB96163980210020FFC6 /* project1.app */,
			);
			name = Products;
			sourceTree = "<group>";
		};
		627BCB99163980210020FFC6 /* Frameworks */ = {
			isa = PBXGroup;
			children = (
				627BCB9A163980210020FFC6 /* UIKit.framework */,
				627BCB9C163980210020FFC6 /* Foundation.framework */,
				627BCB9E163980210020FFC6 /* CoreGraphics.framework */,
			);
			name = Frameworks;
			sourceTree = "<group>";
		};
		627BCBA0163980210020FFC6 /* project1 */ = {
			isa = PBXGroup;
			children = (
				627BCBA9163980210020FFC6 /* AppDelegate.h */,
				627BCBAA163980210020FFC6 /* AppDelegate.m */,
				627BCBAC163980210020FFC6 /* ViewController.h */,
				627BCBAD163980210020FFC6 /* ViewController.m */,
				627BCBAF163980210020FFC6 /* ViewController.xib */,
				627BCBA1163980210020FFC6 /* Supporting Files */,
				627BCBB7163980500020FFC6 /* fishingFactory.h */,
				627BCBB8163980500020FFC6 /* fishingFactory.m */,
				627BCBBA163980B80020FFC6 /* baseFishing.h */,
				627BCBBB163980B80020FFC6 /* baseFishing.m */,
				627BCBBD163980FB0020FFC6 /* baitFishing.h */,
				627BCBBE163980FB0020FFC6 /* baitFishing.m */,
				627BCBC0163981430020FFC6 /* lureFishing.h */,
				627BCBC1163981430020FFC6 /* lureFishing.m */,
				627BCBC31639815D0020FFC6 /* jigFishing.h */,
				627BCBC41639815D0020FFC6 /* jigFishing.m */,
			);
			path = project1;
			sourceTree = "<group>";
		};
		627BCBA1163980210020FFC6 /* Supporting Files */ = {
			isa = PBXGroup;
			children = (
				627BCBA2163980210020FFC6 /* project1-Info.plist */,
				627BCBA3163980210020FFC6 /* InfoPlist.strings */,
				627BCBA6163980210020FFC6 /* main.m */,
				627BCBA8163980210020FFC6 /* project1-Prefix.pch */,
			);
			name = "Supporting Files";
			sourceTree = "<group>";
		};
/* End PBXGroup section */

/* Begin PBXNativeTarget section */
		627BCB95163980210020FFC6 /* project1 */ = {
			isa = PBXNativeTarget;
			buildConfigurationList = 627BCBB4163980210020FFC6 /* Build configuration list for PBXNativeTarget "project1" */;
			buildPhases = (
				627BCB92163980210020FFC6 /* Sources */,
				627BCB93163980210020FFC6 /* Frameworks */,
				627BCB94163980210020FFC6 /* Resources */,
			);
			buildRules = (
			);
			dependencies = (
			);
			name = project1;
			productName = project1;
			productReference = 627BCB96163980210020FFC6 /* project1.app */;
			productType = "com.apple.product-type.application";
		};
/* End PBXNativeTarget section */

/* Begin PBXProject section */
		627BCB8D163980210020FFC6 /* Project object */ = {
			isa = PBXProject;
			attributes = {
				LastUpgradeCheck = 0440;
				ORGANIZATIONNAME = "Mark Thompson";
			};
			buildConfigurationList = 627BCB90163980210020FFC6 /* Build configuration list for PBXProject "project1" */;
			compatibilityVersion = "Xcode 3.2";
			developmentRegion = English;
			hasScannedForEncodings = 0;
			knownRegions = (
				en,
			);
			mainGroup = 627BCB8B163980210020FFC6;
			productRefGroup = 627BCB97163980210020FFC6 /* Products */;
			projectDirPath = "";
			projectRoot = "";
			targets = (
				627BCB95163980210020FFC6 /* project1 */,
			);
		};
/* End PBXProject section */

/* Begin PBXResourcesBuildPhase section */
		627BCB94163980210020FFC6 /* Resources */ = {
			isa = PBXResourcesBuildPhase;
			buildActionMask = 2147483647;
			files = (
				627BCBA5163980210020FFC6 /* InfoPlist.strings in Resources */,
				627BCBB1163980210020FFC6 /* ViewController.xib in Resources */,
			);
			runOnlyForDeploymentPostprocessing = 0;
		};
/* End PBXResourcesBuildPhase section */

/* Begin PBXSourcesBuildPhase section */
		627BCB92163980210020FFC6 /* Sources */ = {
			isa = PBXSourcesBuildPhase;
			buildActionMask = 2147483647;
			files = (
				627BCBA7163980210020FFC6 /* main.m in Sources */,
				627BCBAB163980210020FFC6 /* AppDelegate.m in Sources */,
				627BCBAE163980210020FFC6 /* ViewController.m in Sources */,
				627BCBB9163980500020FFC6 /* fishingFactory.m in Sources */,
				627BCBBC163980B80020FFC6 /* baseFishing.m in Sources */,
				627BCBBF163980FB0020FFC6 /* baitFishing.m in Sources */,
				627BCBC2163981430020FFC6 /* lureFishing.m in Sources */,
				627BCBC51639815D0020FFC6 /* jigFishing.m in Sources */,
			);
			runOnlyForDeploymentPostprocessing = 0;
		};
/* End PBXSourcesBuildPhase section */

/* Begin PBXVariantGroup section */
		627BCBA3163980210020FFC6 /* InfoPlist.strings */ = {
			isa = PBXVariantGroup;
			children = (
				627BCBA4163980210020FFC6 /* en */,
			);
			name = InfoPlist.strings;
			sourceTree = "<group>";
		};
		627BCBAF163980210020FFC6 /* ViewController.xib */ = {
			isa = PBXVariantGroup;
			children = (
				627BCBB0163980210020FFC6 /* en */,
			);
			name = ViewController.xib;
			sourceTree = "<group>";
		};
/* End PBXVariantGroup section */

/* Begin XCBuildConfiguration section */
		627BCBB2163980210020FFC6 /* Debug */ = {
			isa = XCBuildConfiguration;
			buildSettings = {
				ALWAYS_SEARCH_USER_PATHS = NO;
				ARCHS = "$(ARCHS_STANDARD_32_BIT)";
				CLANG_CXX_LANGUAGE_STANDARD = "gnu++0x";
				CLANG_WARN__DUPLICATE_METHOD_MATCH = YES;
				"CODE_SIGN_IDENTITY[sdk=iphoneos*]" = "iPhone Developer";
				COPY_PHASE_STRIP = NO;
				GCC_C_LANGUAGE_STANDARD = gnu99;
				GCC_DYNAMIC_NO_PIC = NO;
				GCC_OPTIMIZATION_LEVEL = 0;
				GCC_PREPROCESSOR_DEFINITIONS = (
					"DEBUG=1",
					"$(inherited)",
				);
				GCC_SYMBOLS_PRIVATE_EXTERN = NO;
				GCC_VERSION = com.apple.compilers.llvm.clang.1_0;
				GCC_WARN_ABOUT_RETURN_TYPE = YES;
				GCC_WARN_UNINITIALIZED_AUTOS = YES;
				GCC_WARN_UNUSED_VARIABLE = YES;
				IPHONEOS_DEPLOYMENT_TARGET = 5.1;
				SDKROOT = iphoneos;
			};
			name = Debug;
		};
		627BCBB3163980210020FFC6 /* Release */ = {
			isa = XCBuildConfiguration;
			buildSettings = {
				ALWAYS_SEARCH_USER_PATHS = NO;
				ARCHS = "$(ARCHS_STANDARD_32_BIT)";
				CLANG_CXX_LANGUAGE_STANDARD = "gnu++0x";
				CLANG_WARN__DUPLICATE_METHOD_MATCH = YES;
				"CODE_SIGN_IDENTITY[sdk=iphoneos*]" = "iPhone Developer";
				COPY_PHASE_STRIP = YES;
				GCC_C_LANGUAGE_STANDARD = gnu99;
				GCC_VERSION = com.apple.compilers.llvm.clang.1_0;
				GCC_WARN_ABOUT_RETURN_TYPE = YES;
				GCC_WARN_UNINITIALIZED_AUTOS = YES;
				GCC_WARN_UNUSED_VARIABLE = YES;
				IPHONEOS_DEPLOYMENT_TARGET = 5.1;
				OTHER_CFLAGS = "-DNS_BLOCK_ASSERTIONS=1";
				SDKROOT = iphoneos;
				VALIDATE_PRODUCT = YES;
			};
			name = Release;
		};
		627BCBB5163980210020FFC6 /* Debug */ = {
			isa = XCBuildConfiguration;
			buildSettings = {
				GCC_PRECOMPILE_PREFIX_HEADER = YES;
				GCC_PREFIX_HEADER = "project1/project1-Prefix.pch";
				INFOPLIST_FILE = "project1/project1-Info.plist";
				PRODUCT_NAME = "$(TARGET_NAME)";
				WRAPPER_EXTENSION = app;
			};
			name = Debug;
		};
		627BCBB6163980210020FFC6 /* Release */ = {
			isa = XCBuildConfiguration;
			buildSettings = {
				GCC_PRECOMPILE_PREFIX_HEADER = YES;
				GCC_PREFIX_HEADER = "project1/project1-Prefix.pch";
				INFOPLIST_FILE = "project1/project1-Info.plist";
				PRODUCT_NAME = "$(TARGET_NAME)";
				WRAPPER_EXTENSION = app;
			};
			name = Release;
		};
/* End XCBuildConfiguration section */

/* Begin XCConfigurationList section */
		627BCB90163980210020FFC6 /* Build configuration list for PBXProject "project1" */ = {
			isa = XCConfigurationList;
			buildConfigurations = (
				627BCBB2163980210020FFC6 /* Debug */,
				627BCBB3163980210020FFC6 /* Release */,
			);
			defaultConfigurationIsVisible = 0;
			defaultConfigurationName = Release;
		};
		627BCBB4163980210020FFC6 /* Build configuration list for PBXNativeTarget "project1" */ = {
			isa = XCConfigurationList;
			buildConfigurations = (
				627BCBB5163980210020FFC6 /* Debug */,
				627BCBB6163980210020FFC6 /* Release */,
			);
			defaultConfigurationIsVisible = 0;
		};
/* End XCConfigurationList section */
	};
	rootObject = 627BCB8D163980210020FFC6 /* Project object */;
}
